
Microsoft Visual Studio Solution File, Format Version 12.00
# Visual Studio Version 17
VisualStudioVersion = 17.6.33815.320
MinimumVisualStudioVersion = 10.0.40219.1
Project("{FAE04EC0-301F-11D3-BF4B-00C04F79EFBC}") = "ST10082707_PART1_PROG6221_3", "ST10082707_PART1_PROG6221_3\ST10082707_PART1_PROG6221_3.csproj", "{F3A2B58D-A6DB-4773-A502-5D0B4530698A}"
EndProject
Global
	GlobalSection(SolutionConfigurationPlatforms) = preSolution
		Debug|Any CPU = Debug|Any CPU
		Release|Any CPU = Release|Any CPU
	EndGlobalSection
	GlobalSection(ProjectConfigurationPlatforms) = postSolution
		{F3A2B58D-A6DB-4773-A502-5D0B4530698A}.Debug|Any CPU.ActiveCfg = Debug|Any CPU
		{F3A2B58D-A6DB-4773-A502-5D0B4530698A}.Debug|Any CPU.Build.0 = Debug|Any CPU
		{F3A2B58D-A6DB-4773-A502-5D0B4530698A}.Release|Any CPU.ActiveCfg = Release|Any CPU
		{F3A2B58D-A6DB-4773-A502-5D0B4530698A}.Release|Any CPU.Build.0 = Release|Any CPU
	EndGlobalSection
	GlobalSection(SolutionProperties) = preSolution
		HideSolutionNode = FALSE
	EndGlobalSection
	GlobalSection(ExtensibilityGlobals) = postSolution
		SolutionGuid = {91FCE345-B1DD-4E77-81B4-15665939D9EE}
	EndGlobalSection
EndGlobal
